
Microsoft Visual Studio Solution File, Format Version 12.00
# Visual Studio 2013
VisualStudioVersion = 12.0.40629.0
MinimumVisualStudioVersion = 10.0.40219.1
Project("{930C7802-8A8C-48F9-8165-68863BCCD9DD}") = "WIXInstaller", "WIXInstaller\WIXInstaller.wixproj", "{605819AD-347F-43A5-B7EB-7D23EB50ADDC}"
EndProject
Project("{FAE04EC0-301F-11D3-BF4B-00C04F79EFBC}") = "WIXInstallerBackgroundTrackingCustomActions", "WIXInstallerBackgroundTrackingCustomActions\WIXInstallerBackgroundTrackingCustomActions.csproj", "{E6BB58B8-9455-482C-AD98-92C040E2C37C}"
EndProject
Project("{FAE04EC0-301F-11D3-BF4B-00C04F79EFBC}") = "WIXInstallerBackgroundTrackingCustomActionsTests", "WIXInstallerBackgroundTrackingCustomActionsTests\WIXInstallerBackgroundTrackingCustomActionsTests.csproj", "{35BCBAEB-17DC-4515-8BF6-8C7C7D46318F}"
EndProject
Project("{FAE04EC0-301F-11D3-BF4B-00C04F79EFBC}") = "WIXInstallerBackgroundTrackingModels", "WIXInstallerBackgroundTrackingModesl\WIXInstallerBackgroundTrackingModels.csproj", "{BF2566BF-1083-441A-B1E8-D83FABAD69C7}"
EndProject
Project("{FAE04EC0-301F-11D3-BF4B-00C04F79EFBC}") = "WIXInstallerBackgroundTrackingInitializer", "WIXInstallerBackgroundTrackingInitializer\WIXInstallerBackgroundTrackingInitializer.csproj", "{D875002A-8757-4CC2-B651-845633302C38}"
EndProject
Project("{8BC9CEB8-8B4A-11D0-8D11-00A0C91BC942}") = "procrastitracker", "procrastitracker\procrastitracker.vcxproj", "{D4331D8B-5F63-4D37-8E4A-7D6D1E6934DF}"
EndProject
Global
	GlobalSection(SolutionConfigurationPlatforms) = preSolution
		Debug|Any CPU = Debug|Any CPU
		Debug|x86 = Debug|x86
		Release|Any CPU = Release|Any CPU
		Release|x86 = Release|x86
	EndGlobalSection
	GlobalSection(ProjectConfigurationPlatforms) = postSolution
		{605819AD-347F-43A5-B7EB-7D23EB50ADDC}.Debug|Any CPU.ActiveCfg = Debug|x86
		{605819AD-347F-43A5-B7EB-7D23EB50ADDC}.Debug|x86.ActiveCfg = Debug|x86
		{605819AD-347F-43A5-B7EB-7D23EB50ADDC}.Debug|x86.Build.0 = Debug|x86
		{605819AD-347F-43A5-B7EB-7D23EB50ADDC}.Release|Any CPU.ActiveCfg = Release|x86
		{605819AD-347F-43A5-B7EB-7D23EB50ADDC}.Release|x86.ActiveCfg = Release|x86
		{605819AD-347F-43A5-B7EB-7D23EB50ADDC}.Release|x86.Build.0 = Release|x86
		{E6BB58B8-9455-482C-AD98-92C040E2C37C}.Debug|Any CPU.ActiveCfg = Debug|x86
		{E6BB58B8-9455-482C-AD98-92C040E2C37C}.Debug|x86.ActiveCfg = Debug|x86
		{E6BB58B8-9455-482C-AD98-92C040E2C37C}.Debug|x86.Build.0 = Debug|x86
		{E6BB58B8-9455-482C-AD98-92C040E2C37C}.Release|Any CPU.ActiveCfg = Release|x86
		{E6BB58B8-9455-482C-AD98-92C040E2C37C}.Release|x86.ActiveCfg = Release|x86
		{E6BB58B8-9455-482C-AD98-92C040E2C37C}.Release|x86.Build.0 = Release|x86
		{35BCBAEB-17DC-4515-8BF6-8C7C7D46318F}.Debug|Any CPU.ActiveCfg = Debug|Any CPU
		{35BCBAEB-17DC-4515-8BF6-8C7C7D46318F}.Debug|Any CPU.Build.0 = Debug|Any CPU
		{35BCBAEB-17DC-4515-8BF6-8C7C7D46318F}.Debug|x86.ActiveCfg = Debug|Any CPU
		{35BCBAEB-17DC-4515-8BF6-8C7C7D46318F}.Debug|x86.Build.0 = Debug|Any CPU
		{35BCBAEB-17DC-4515-8BF6-8C7C7D46318F}.Release|Any CPU.ActiveCfg = Release|Any CPU
		{35BCBAEB-17DC-4515-8BF6-8C7C7D46318F}.Release|Any CPU.Build.0 = Release|Any CPU
		{35BCBAEB-17DC-4515-8BF6-8C7C7D46318F}.Release|x86.ActiveCfg = Release|Any CPU
		{35BCBAEB-17DC-4515-8BF6-8C7C7D46318F}.Release|x86.Build.0 = Release|Any CPU
		{BF2566BF-1083-441A-B1E8-D83FABAD69C7}.Debug|Any CPU.ActiveCfg = Debug|Any CPU
		{BF2566BF-1083-441A-B1E8-D83FABAD69C7}.Debug|Any CPU.Build.0 = Debug|Any CPU
		{BF2566BF-1083-441A-B1E8-D83FABAD69C7}.Debug|x86.ActiveCfg = Debug|Any CPU
		{BF2566BF-1083-441A-B1E8-D83FABAD69C7}.Debug|x86.Build.0 = Debug|Any CPU
		{BF2566BF-1083-441A-B1E8-D83FABAD69C7}.Release|Any CPU.ActiveCfg = Release|Any CPU
		{BF2566BF-1083-441A-B1E8-D83FABAD69C7}.Release|Any CPU.Build.0 = Release|Any CPU
		{BF2566BF-1083-441A-B1E8-D83FABAD69C7}.Release|x86.ActiveCfg = Release|Any CPU
		{BF2566BF-1083-441A-B1E8-D83FABAD69C7}.Release|x86.Build.0 = Release|Any CPU
		{D875002A-8757-4CC2-B651-845633302C38}.Debug|Any CPU.ActiveCfg = Debug|Any CPU
		{D875002A-8757-4CC2-B651-845633302C38}.Debug|Any CPU.Build.0 = Debug|Any CPU
		{D875002A-8757-4CC2-B651-845633302C38}.Debug|x86.ActiveCfg = Debug|Any CPU
		{D875002A-8757-4CC2-B651-845633302C38}.Debug|x86.Build.0 = Debug|Any CPU
		{D875002A-8757-4CC2-B651-845633302C38}.Release|Any CPU.ActiveCfg = Release|Any CPU
		{D875002A-8757-4CC2-B651-845633302C38}.Release|Any CPU.Build.0 = Release|Any CPU
		{D875002A-8757-4CC2-B651-845633302C38}.Release|x86.ActiveCfg = Release|Any CPU
		{D875002A-8757-4CC2-B651-845633302C38}.Release|x86.Build.0 = Release|Any CPU
		{D4331D8B-5F63-4D37-8E4A-7D6D1E6934DF}.Debug|Any CPU.ActiveCfg = Debug|Win32
		{D4331D8B-5F63-4D37-8E4A-7D6D1E6934DF}.Debug|x86.ActiveCfg = Debug|Win32
		{D4331D8B-5F63-4D37-8E4A-7D6D1E6934DF}.Debug|x86.Build.0 = Debug|Win32
		{D4331D8B-5F63-4D37-8E4A-7D6D1E6934DF}.Release|Any CPU.ActiveCfg = Release|Win32
		{D4331D8B-5F63-4D37-8E4A-7D6D1E6934DF}.Release|x86.ActiveCfg = Release|Win32
		{D4331D8B-5F63-4D37-8E4A-7D6D1E6934DF}.Release|x86.Build.0 = Release|Win32
	EndGlobalSection
	GlobalSection(SolutionProperties) = preSolution
		HideSolutionNode = FALSE
	EndGlobalSection
EndGlobal
